
Microsoft Visual Studio Solution File, Format Version 12.00
# Visual Studio Version 17
VisualStudioVersion = 17.2.32526.322
MinimumVisualStudioVersion = 10.0.40219.1
Project("{9A19103F-16F7-4668-BE54-9A1E7A4F7556}") = "vaccine-appoint-report", "vaccine-appoint-report\vaccine-appoint-report.csproj", "{E9F95FF8-0740-4B5C-A295-0560E4D77EBD}"
EndProject
Project("{9A19103F-16F7-4668-BE54-9A1E7A4F7556}") = "VaccineReportDataLib", "VaccineReportDataLib\VaccineReportDataLib.csproj", "{12301327-B9E5-431E-B9B4-8BB509603513}"
EndProject
Project("{FAE04EC0-301F-11D3-BF4B-00C04F79EFBC}") = "VaccineReportBackend", "VaccineReportBackend\VaccineReportBackend.csproj", "{A2AD9501-5CBF-47CB-8AE6-CB24261C029A}"
EndProject
Global
	GlobalSection(SolutionConfigurationPlatforms) = preSolution
		Debug|Any CPU = Debug|Any CPU
		Release|Any CPU = Release|Any CPU
	EndGlobalSection
	GlobalSection(ProjectConfigurationPlatforms) = postSolution
		{E9F95FF8-0740-4B5C-A295-0560E4D77EBD}.Debug|Any CPU.ActiveCfg = Debug|Any CPU
		{E9F95FF8-0740-4B5C-A295-0560E4D77EBD}.Debug|Any CPU.Build.0 = Debug|Any CPU
		{E9F95FF8-0740-4B5C-A295-0560E4D77EBD}.Release|Any CPU.ActiveCfg = Release|Any CPU
		{E9F95FF8-0740-4B5C-A295-0560E4D77EBD}.Release|Any CPU.Build.0 = Release|Any CPU
		{12301327-B9E5-431E-B9B4-8BB509603513}.Debug|Any CPU.ActiveCfg = Debug|Any CPU
		{12301327-B9E5-431E-B9B4-8BB509603513}.Debug|Any CPU.Build.0 = Debug|Any CPU
		{12301327-B9E5-431E-B9B4-8BB509603513}.Release|Any CPU.ActiveCfg = Release|Any CPU
		{12301327-B9E5-431E-B9B4-8BB509603513}.Release|Any CPU.Build.0 = Release|Any CPU
		{A2AD9501-5CBF-47CB-8AE6-CB24261C029A}.Debug|Any CPU.ActiveCfg = Debug|Any CPU
		{A2AD9501-5CBF-47CB-8AE6-CB24261C029A}.Debug|Any CPU.Build.0 = Debug|Any CPU
		{A2AD9501-5CBF-47CB-8AE6-CB24261C029A}.Release|Any CPU.ActiveCfg = Release|Any CPU
		{A2AD9501-5CBF-47CB-8AE6-CB24261C029A}.Release|Any CPU.Build.0 = Release|Any CPU
	EndGlobalSection
	GlobalSection(SolutionProperties) = preSolution
		HideSolutionNode = FALSE
	EndGlobalSection
	GlobalSection(ExtensibilityGlobals) = postSolution
		SolutionGuid = {27D72931-E97E-4616-BE8B-853748A13E75}
	EndGlobalSection
EndGlobal
